
Microsoft Visual Studio Solution File, Format Version 12.00
# Visual Studio Version 17
VisualStudioVersion = 17.8.34330.188
MinimumVisualStudioVersion = 10.0.40219.1
Project("{FAE04EC0-301F-11D3-BF4B-00C04F79EFBC}") = "net-logging-with-seq", "net-logging-with-seq\net-logging-with-seq.csproj", "{2DA378C7-E87D-46B1-B49A-CE8B6ABFC8EE}"
EndProject
Global
	GlobalSection(SolutionConfigurationPlatforms) = preSolution
		Debug|Any CPU = Debug|Any CPU
		Release|Any CPU = Release|Any CPU
	EndGlobalSection
	GlobalSection(ProjectConfigurationPlatforms) = postSolution
		{2DA378C7-E87D-46B1-B49A-CE8B6ABFC8EE}.Debug|Any CPU.ActiveCfg = Debug|Any CPU
		{2DA378C7-E87D-46B1-B49A-CE8B6ABFC8EE}.Debug|Any CPU.Build.0 = Debug|Any CPU
		{2DA378C7-E87D-46B1-B49A-CE8B6ABFC8EE}.Release|Any CPU.ActiveCfg = Release|Any CPU
		{2DA378C7-E87D-46B1-B49A-CE8B6ABFC8EE}.Release|Any CPU.Build.0 = Release|Any CPU
	EndGlobalSection
	GlobalSection(SolutionProperties) = preSolution
		HideSolutionNode = FALSE
	EndGlobalSection
	GlobalSection(ExtensibilityGlobals) = postSolution
		SolutionGuid = {86B78E28-04F5-484C-8915-FB63C7BB845C}
	EndGlobalSection
EndGlobal
